
Microsoft Visual Studio Solution File, Format Version 12.00
# Visual Studio 15
VisualStudioVersion = 15.0.26730.10
MinimumVisualStudioVersion = 10.0.40219.1
Project("{FAE04EC0-301F-11D3-BF4B-00C04F79EFBC}") = "Kontrolstrukturer", "Kontrolstrukturer\Kontrolstrukturer.csproj", "{EE46A7D1-8E91-44E5-91FE-7AC4C2B1057B}"
EndProject
Global
	GlobalSection(SolutionConfigurationPlatforms) = preSolution
		Debug|Any CPU = Debug|Any CPU
		Release|Any CPU = Release|Any CPU
	EndGlobalSection
	GlobalSection(ProjectConfigurationPlatforms) = postSolution
		{EE46A7D1-8E91-44E5-91FE-7AC4C2B1057B}.Debug|Any CPU.ActiveCfg = Debug|Any CPU
		{EE46A7D1-8E91-44E5-91FE-7AC4C2B1057B}.Debug|Any CPU.Build.0 = Debug|Any CPU
		{EE46A7D1-8E91-44E5-91FE-7AC4C2B1057B}.Release|Any CPU.ActiveCfg = Release|Any CPU
		{EE46A7D1-8E91-44E5-91FE-7AC4C2B1057B}.Release|Any CPU.Build.0 = Release|Any CPU
	EndGlobalSection
	GlobalSection(SolutionProperties) = preSolution
		HideSolutionNode = FALSE
	EndGlobalSection
	GlobalSection(ExtensibilityGlobals) = postSolution
		SolutionGuid = {7653FABC-D16F-4FB9-9D87-AED4D44B7C8C}
	EndGlobalSection
EndGlobal
