
Microsoft Visual Studio Solution File, Format Version 12.00
# Visual Studio 15
VisualStudioVersion = 15.0.26730.10
MinimumVisualStudioVersion = 10.0.40219.1
Project("{FAE04EC0-301F-11D3-BF4B-00C04F79EFBC}") = "BMI", "BMI\BMI.csproj", "{9FBC22A3-2F41-429E-B60A-D7EF250D9DEA}"
EndProject
Global
	GlobalSection(SolutionConfigurationPlatforms) = preSolution
		Debug|Any CPU = Debug|Any CPU
		Release|Any CPU = Release|Any CPU
	EndGlobalSection
	GlobalSection(ProjectConfigurationPlatforms) = postSolution
		{9FBC22A3-2F41-429E-B60A-D7EF250D9DEA}.Debug|Any CPU.ActiveCfg = Debug|Any CPU
		{9FBC22A3-2F41-429E-B60A-D7EF250D9DEA}.Debug|Any CPU.Build.0 = Debug|Any CPU
		{9FBC22A3-2F41-429E-B60A-D7EF250D9DEA}.Release|Any CPU.ActiveCfg = Release|Any CPU
		{9FBC22A3-2F41-429E-B60A-D7EF250D9DEA}.Release|Any CPU.Build.0 = Release|Any CPU
	EndGlobalSection
	GlobalSection(SolutionProperties) = preSolution
		HideSolutionNode = FALSE
	EndGlobalSection
	GlobalSection(ExtensibilityGlobals) = postSolution
		SolutionGuid = {BA6FFEB2-53FE-412E-8CCD-201D82CDC94C}
	EndGlobalSection
EndGlobal
